<?xml version="1.0" encoding="utf-8"?>
<Project ToolsVersion="4.0" xmlns="http://schemas.microsoft.com/developer/msbuild/2003">
  <ItemGroup>
    <Filter Include="Исходные файлы">
      <UniqueIdentifier>{4FC737F1-C7A5-4376-A066-2A32D752A2FF}</UniqueIdentifier>
      <Extensions>cpp;c;cc;cxx;def;odl;idl;hpj;bat;asm;asmx</Extensions>
    </Filter>
    <Filter Include="Файлы заголовков">
      <UniqueIdentifier>{93995380-89BD-4b04-88EB-625FBE52EBFB}</UniqueIdentifier>
      <Extensions>h;hh;hpp;hxx;hm;inl;inc;ipp;xsd</Extensions>
    </Filter>
    <Filter Include="Файлы ресурсов">
      <UniqueIdentifier>{67DA6AB6-F800-4c08-8B7A-83BB121AAD01}</UniqueIdentifier>
      <Extensions>rc;ico;cur;bmp;dlg;rc2;rct;bin;rgs;gif;jpg;jpeg;jpe;resx;tiff;tif;png;wav;mfcribbon-ms</Extensions>
    </Filter>
    <Filter Include="Файлы заголовков\MagicJSON">
      <UniqueIdentifier>{8a9d7847-044e-4bf5-b2e2-dd0e0d64b4c4}</UniqueIdentifier>
    </Filter>
    <Filter Include="Файлы заголовков\TurboPipes">
      <UniqueIdentifier>{392eddff-36b8-4982-8138-c2952d648339}</UniqueIdentifier>
    </Filter>
    <Filter Include="Файлы заголовков\ATable">
      <UniqueIdentifier>{a1a9754f-8575-4e0d-b5d5-6ea476cd33bf}</UniqueIdentifier>
    </Filter>
    <Filter Include="Файлы заголовков\WonderMenu">
      <UniqueIdentifier>{0e599989-653e-4b00-adf5-03f111c37461}</UniqueIdentifier>
    </Filter>
  </ItemGroup>
  <ItemGroup>
    <ClCompile Include="OOP_Course_v001_console_front.cpp">
      <Filter>Исходные файлы</Filter>
    </ClCompile>
    <ClCompile Include="WonderMenu.cpp">
      <Filter>Исходные файлы</Filter>
    </ClCompile>
    <ClCompile Include="MenuCommand.cpp">
      <Filter>Исходные файлы</Filter>
    </ClCompile>
  </ItemGroup>
  <ItemGroup>
    <Library Include="MagicJSON\x64\MagicJSON.lib">
      <Filter>Файлы ресурсов</Filter>
    </Library>
    <Library Include="TurboPipes\x64\TurboPipes.lib">
      <Filter>Файлы ресурсов</Filter>
    </Library>
    <Library Include="ATable\x64\ATable.lib">
      <Filter>Файлы ресурсов</Filter>
    </Library>
  </ItemGroup>
  <ItemGroup>
    <ClInclude Include="Object.h">
      <Filter>Файлы заголовков</Filter>
    </ClInclude>
    <ClInclude Include="ATable\x64\include\Namable.h">
      <Filter>Файлы заголовков\ATable</Filter>
    </ClInclude>
    <ClInclude Include="ATable\x64\include\NamedColumn.h">
      <Filter>Файлы заголовков\ATable</Filter>
    </ClInclude>
    <ClInclude Include="ATable\x64\include\SimpleColumn.h">
      <Filter>Файлы заголовков\ATable</Filter>
    </ClInclude>
    <ClInclude Include="ATable\x64\include\Table.h">
      <Filter>Файлы заголовков\ATable</Filter>
    </ClInclude>
    <ClInclude Include="ATable\x64\include\TableExceptions.h">
      <Filter>Файлы заголовков\ATable</Filter>
    </ClInclude>
    <ClInclude Include="ATable\x64\include\TableObject.h">
      <Filter>Файлы заголовков\ATable</Filter>
    </ClInclude>
    <ClInclude Include="ATable\x64\include\Appearance.h">
      <Filter>Файлы заголовков\ATable</Filter>
    </ClInclude>
    <ClInclude Include="ATable\x64\include\ATable.h">
      <Filter>Файлы заголовков\ATable</Filter>
    </ClInclude>
    <ClInclude Include="ATable\x64\include\Cell.h">
      <Filter>Файлы заголовков\ATable</Filter>
    </ClInclude>
    <ClInclude Include="ATable\x64\include\Column.h">
      <Filter>Файлы заголовков\ATable</Filter>
    </ClInclude>
    <ClInclude Include="ATable\x64\include\ConstColumn.h">
      <Filter>Файлы заголовков\ATable</Filter>
    </ClInclude>
    <ClInclude Include="ATable\x64\include\DefaultAppearance.h">
      <Filter>Файлы заголовков\ATable</Filter>
    </ClInclude>
    <ClInclude Include="ATable\x64\include\DefaultCells.h">
      <Filter>Файлы заголовков\ATable</Filter>
    </ClInclude>
    <ClInclude Include="ATable\x64\include\IdColumn.h">
      <Filter>Файлы заголовков\ATable</Filter>
    </ClInclude>
    <ClInclude Include="ATable\x64\include\Keyable.h">
      <Filter>Файлы заголовков\ATable</Filter>
    </ClInclude>
    <ClInclude Include="WonderMenu.h">
      <Filter>Файлы заголовков\WonderMenu</Filter>
    </ClInclude>
    <ClInclude Include="MenuCommand.h">
      <Filter>Файлы заголовков\WonderMenu</Filter>
    </ClInclude>
    <ClInclude Include="MenuCommandEmpty.h">
      <Filter>Файлы заголовков</Filter>
    </ClInclude>
    <ClInclude Include="WonderMenuExceptions.h">
      <Filter>Файлы заголовков</Filter>
    </ClInclude>
  </ItemGroup>
</Project>