<?xml version="1.0" encoding="utf-8"?>
<Project ToolsVersion="4.0" xmlns="http://schemas.microsoft.com/developer/msbuild/2003">
  <ItemGroup>
    <Filter Include="Исходные файлы">
      <UniqueIdentifier>{4FC737F1-C7A5-4376-A066-2A32D752A2FF}</UniqueIdentifier>
      <Extensions>cpp;c;cc;cxx;def;odl;idl;hpj;bat;asm;asmx</Extensions>
    </Filter>
    <Filter Include="Файлы заголовков">
      <UniqueIdentifier>{93995380-89BD-4b04-88EB-625FBE52EBFB}</UniqueIdentifier>
      <Extensions>h;hh;hpp;hxx;hm;inl;inc;ipp;xsd</Extensions>
    </Filter>
    <Filter Include="Файлы ресурсов">
      <UniqueIdentifier>{67DA6AB6-F800-4c08-8B7A-83BB121AAD01}</UniqueIdentifier>
      <Extensions>rc;ico;cur;bmp;dlg;rc2;rct;bin;rgs;gif;jpg;jpeg;jpe;resx;tiff;tif;png;wav;mfcribbon-ms</Extensions>
    </Filter>
    <Filter Include="Файлы заголовков\MyWonderMenuCommands">
      <UniqueIdentifier>{7109154d-7b1b-451e-9870-4184abc39176}</UniqueIdentifier>
    </Filter>
    <Filter Include="Файлы ресурсов\Libraries">
      <UniqueIdentifier>{e56e8a3d-b8b8-46d2-8d27-dffa84736633}</UniqueIdentifier>
    </Filter>
    <Filter Include="Файлы ресурсов\Libraries\MagicJSON_lib_headers">
      <UniqueIdentifier>{8a9d7847-044e-4bf5-b2e2-dd0e0d64b4c4}</UniqueIdentifier>
    </Filter>
    <Filter Include="Файлы ресурсов\Libraries\ATable_lib_headers">
      <UniqueIdentifier>{a1a9754f-8575-4e0d-b5d5-6ea476cd33bf}</UniqueIdentifier>
    </Filter>
    <Filter Include="Файлы ресурсов\Libraries\TurboPipes_lib_headers">
      <UniqueIdentifier>{392eddff-36b8-4982-8138-c2952d648339}</UniqueIdentifier>
    </Filter>
    <Filter Include="Файлы ресурсов\Libraries\WonderMenu_lib_headers">
      <UniqueIdentifier>{0e599989-653e-4b00-adf5-03f111c37461}</UniqueIdentifier>
    </Filter>
    <Filter Include="Файлы ресурсов\base_64">
      <UniqueIdentifier>{138a0e44-91b8-4a43-8f58-9c3bea44b624}</UniqueIdentifier>
    </Filter>
  </ItemGroup>
  <ItemGroup>
    <ClCompile Include="OOP_Course_v001_console_front.cpp">
      <Filter>Исходные файлы</Filter>
    </ClCompile>
    <ClCompile Include="MenuCommandPrint.cpp">
      <Filter>Исходные файлы</Filter>
    </ClCompile>
    <ClCompile Include="Menu.cpp">
      <Filter>Исходные файлы</Filter>
    </ClCompile>
    <ClCompile Include="NetworkMessagesHandler.cpp">
      <Filter>Исходные файлы</Filter>
    </ClCompile>
    <ClCompile Include="MenuCommandFind.cpp">
      <Filter>Исходные файлы</Filter>
    </ClCompile>
    <ClCompile Include="MenuCommandLoad.cpp">
      <Filter>Исходные файлы</Filter>
    </ClCompile>
    <ClCompile Include="MenuCommandSave.cpp">
      <Filter>Исходные файлы</Filter>
    </ClCompile>
    <ClCompile Include="base_64.cpp">
      <Filter>Файлы ресурсов\base_64</Filter>
    </ClCompile>
  </ItemGroup>
  <ItemGroup>
    <Library Include="TurboPipes\x64\TurboPipes.lib">
      <Filter>Файлы ресурсов</Filter>
    </Library>
    <Library Include="ATable\x64\ATable.lib">
      <Filter>Файлы ресурсов</Filter>
    </Library>
    <Library Include="WonderMenu\x64\WonderMenu.lib">
      <Filter>Файлы ресурсов</Filter>
    </Library>
    <Library Include="MagicJSON\x64\MagicJSON.lib">
      <Filter>Файлы ресурсов</Filter>
    </Library>
  </ItemGroup>
  <ItemGroup>
    <ClInclude Include="Object.h">
      <Filter>Файлы заголовков</Filter>
    </ClInclude>
    <ClInclude Include="ATable\x64\include\Namable.h">
      <Filter>Файлы ресурсов\Libraries\ATable_lib_headers</Filter>
    </ClInclude>
    <ClInclude Include="ATable\x64\include\NamedColumn.h">
      <Filter>Файлы ресурсов\Libraries\ATable_lib_headers</Filter>
    </ClInclude>
    <ClInclude Include="ATable\x64\include\SimpleColumn.h">
      <Filter>Файлы ресурсов\Libraries\ATable_lib_headers</Filter>
    </ClInclude>
    <ClInclude Include="ATable\x64\include\Table.h">
      <Filter>Файлы ресурсов\Libraries\ATable_lib_headers</Filter>
    </ClInclude>
    <ClInclude Include="ATable\x64\include\TableExceptions.h">
      <Filter>Файлы ресурсов\Libraries\ATable_lib_headers</Filter>
    </ClInclude>
    <ClInclude Include="ATable\x64\include\TableObject.h">
      <Filter>Файлы ресурсов\Libraries\ATable_lib_headers</Filter>
    </ClInclude>
    <ClInclude Include="ATable\x64\include\Appearance.h">
      <Filter>Файлы ресурсов\Libraries\ATable_lib_headers</Filter>
    </ClInclude>
    <ClInclude Include="ATable\x64\include\ATable.h">
      <Filter>Файлы ресурсов\Libraries\ATable_lib_headers</Filter>
    </ClInclude>
    <ClInclude Include="ATable\x64\include\Cell.h">
      <Filter>Файлы ресурсов\Libraries\ATable_lib_headers</Filter>
    </ClInclude>
    <ClInclude Include="ATable\x64\include\Column.h">
      <Filter>Файлы ресурсов\Libraries\ATable_lib_headers</Filter>
    </ClInclude>
    <ClInclude Include="ATable\x64\include\ConstColumn.h">
      <Filter>Файлы ресурсов\Libraries\ATable_lib_headers</Filter>
    </ClInclude>
    <ClInclude Include="ATable\x64\include\DefaultAppearance.h">
      <Filter>Файлы ресурсов\Libraries\ATable_lib_headers</Filter>
    </ClInclude>
    <ClInclude Include="ATable\x64\include\DefaultCells.h">
      <Filter>Файлы ресурсов\Libraries\ATable_lib_headers</Filter>
    </ClInclude>
    <ClInclude Include="ATable\x64\include\IdColumn.h">
      <Filter>Файлы ресурсов\Libraries\ATable_lib_headers</Filter>
    </ClInclude>
    <ClInclude Include="ATable\x64\include\Keyable.h">
      <Filter>Файлы ресурсов\Libraries\ATable_lib_headers</Filter>
    </ClInclude>
    <ClInclude Include="WonderMenu\x64\include\WonderMenu.h">
      <Filter>Файлы ресурсов\Libraries\WonderMenu_lib_headers</Filter>
    </ClInclude>
    <ClInclude Include="WonderMenu\x64\include\WonderMenuExceptions.h">
      <Filter>Файлы ресурсов\Libraries\WonderMenu_lib_headers</Filter>
    </ClInclude>
    <ClInclude Include="WonderMenu\x64\include\MenuCommand.h">
      <Filter>Файлы ресурсов\Libraries\WonderMenu_lib_headers</Filter>
    </ClInclude>
    <ClInclude Include="WonderMenu\x64\include\MenuCommandEmpty.h">
      <Filter>Файлы ресурсов\Libraries\WonderMenu_lib_headers</Filter>
    </ClInclude>
    <ClInclude Include="WonderMenu\x64\include\WMenu.h">
      <Filter>Файлы ресурсов\Libraries\WonderMenu_lib_headers</Filter>
    </ClInclude>
    <ClInclude Include="Menu.h">
      <Filter>Файлы заголовков\MyWonderMenuCommands</Filter>
    </ClInclude>
    <ClInclude Include="MenuCommandPrint.h">
      <Filter>Файлы заголовков\MyWonderMenuCommands</Filter>
    </ClInclude>
    <ClInclude Include="NetworkMessagesHandler.h">
      <Filter>Файлы заголовков</Filter>
    </ClInclude>
    <ClInclude Include="NetworkMessageKeys.h">
      <Filter>Файлы заголовков</Filter>
    </ClInclude>
    <ClInclude Include="MenuCommandFind.h">
      <Filter>Файлы заголовков\MyWonderMenuCommands</Filter>
    </ClInclude>
    <ClInclude Include="MenuCommandLoad.h">
      <Filter>Файлы заголовков\MyWonderMenuCommands</Filter>
    </ClInclude>
    <ClInclude Include="MenuCommandSave.h">
      <Filter>Файлы заголовков\MyWonderMenuCommands</Filter>
    </ClInclude>
    <ClInclude Include="base_64.h">
      <Filter>Файлы ресурсов\base_64</Filter>
    </ClInclude>
  </ItemGroup>
</Project>