<?xml version="1.0" encoding="utf-8"?>
<Project ToolsVersion="4.0" xmlns="http://schemas.microsoft.com/developer/msbuild/2003">
  <ItemGroup>
    <Filter Include="Исходные файлы">
      <UniqueIdentifier>{4FC737F1-C7A5-4376-A066-2A32D752A2FF}</UniqueIdentifier>
      <Extensions>cpp;c;cc;cxx;def;odl;idl;hpj;bat;asm;asmx</Extensions>
    </Filter>
    <Filter Include="Файлы заголовков">
      <UniqueIdentifier>{93995380-89BD-4b04-88EB-625FBE52EBFB}</UniqueIdentifier>
      <Extensions>h;hh;hpp;hxx;hm;inl;inc;ipp;xsd</Extensions>
    </Filter>
    <Filter Include="Файлы ресурсов">
      <UniqueIdentifier>{67DA6AB6-F800-4c08-8B7A-83BB121AAD01}</UniqueIdentifier>
      <Extensions>rc;ico;cur;bmp;dlg;rc2;rct;bin;rgs;gif;jpg;jpeg;jpe;resx;tiff;tif;png;wav;mfcribbon-ms</Extensions>
    </Filter>
    <Filter Include="Файлы заголовков\Root">
      <UniqueIdentifier>{34949f7f-3294-4d39-a715-0d141444c029}</UniqueIdentifier>
    </Filter>
    <Filter Include="Файлы заголовков\Fileables">
      <UniqueIdentifier>{0b0207b1-8e0d-49f9-9c60-c07ab74ce71a}</UniqueIdentifier>
    </Filter>
    <Filter Include="Файлы заголовков\Lists">
      <UniqueIdentifier>{b5602286-5426-4e55-bf9e-0a03fe53b5c1}</UniqueIdentifier>
    </Filter>
    <Filter Include="Файлы заголовков\CourseClasses">
      <UniqueIdentifier>{3033964f-8702-41a9-862a-3f98cd02f470}</UniqueIdentifier>
    </Filter>
    <Filter Include="Файлы ресурсов\Lists">
      <UniqueIdentifier>{c74759ae-404b-43e8-b435-a03e55583bbd}</UniqueIdentifier>
    </Filter>
    <Filter Include="Файлы заголовков\Root\Exceptions">
      <UniqueIdentifier>{91be2bb6-9c83-418d-ab26-ad93c32bbcf4}</UniqueIdentifier>
    </Filter>
    <Filter Include="Файлы ресурсов\base_64">
      <UniqueIdentifier>{2fdd3899-5bb8-4bc6-9414-ca2960108899}</UniqueIdentifier>
    </Filter>
    <Filter Include="Файлы ресурсов\Libraries">
      <UniqueIdentifier>{6c2fc97e-a274-4060-ba0e-95d995bc69af}</UniqueIdentifier>
    </Filter>
    <Filter Include="Файлы ресурсов\Libraries\TurboPipes_lib_headers">
      <UniqueIdentifier>{1fedd229-5123-42f5-b35b-2f9379741638}</UniqueIdentifier>
    </Filter>
    <Filter Include="Файлы ресурсов\Libraries\MagicJSON_lib_headers">
      <UniqueIdentifier>{f8a9fbee-51aa-4246-abed-b231aaee2553}</UniqueIdentifier>
    </Filter>
    <Filter Include="Файлы заголовков\Network">
      <UniqueIdentifier>{5ee286b9-07c9-4855-8b41-317999fea48e}</UniqueIdentifier>
    </Filter>
  </ItemGroup>
  <ItemGroup>
    <ClCompile Include="Abonent.cpp">
      <Filter>Исходные файлы</Filter>
    </ClCompile>
    <ClCompile Include="DailyReport.cpp">
      <Filter>Исходные файлы</Filter>
    </ClCompile>
    <ClCompile Include="Date1.cpp">
      <Filter>Исходные файлы</Filter>
    </ClCompile>
    <ClCompile Include="Date2.cpp">
      <Filter>Исходные файлы</Filter>
    </ClCompile>
    <ClCompile Include="Disk.cpp">
      <Filter>Исходные файлы</Filter>
    </ClCompile>
    <ClCompile Include="Operation.cpp">
      <Filter>Исходные файлы</Filter>
    </ClCompile>
    <ClCompile Include="Returnable.cpp">
      <Filter>Исходные файлы</Filter>
    </ClCompile>
    <ClCompile Include="Studio.cpp">
      <Filter>Исходные файлы</Filter>
    </ClCompile>
    <ClCompile Include="OOP_Course.cpp">
      <Filter>Исходные файлы</Filter>
    </ClCompile>
    <ClCompile Include="Nameable.cpp">
      <Filter>Исходные файлы</Filter>
    </ClCompile>
    <ClCompile Include="FVector.cpp">
      <Filter>Файлы ресурсов\Lists</Filter>
    </ClCompile>
    <ClCompile Include="FWString.cpp">
      <Filter>Файлы ресурсов\Lists</Filter>
    </ClCompile>
    <ClCompile Include="NetworkMessagesHandler.cpp">
      <Filter>Исходные файлы</Filter>
    </ClCompile>
    <ClCompile Include="base_64.cpp">
      <Filter>Файлы ресурсов\base_64</Filter>
    </ClCompile>
  </ItemGroup>
  <ItemGroup>
    <ClInclude Include="Loadable.h">
      <Filter>Файлы заголовков\Fileables</Filter>
    </ClInclude>
    <ClInclude Include="Saveable.h">
      <Filter>Файлы заголовков\Fileables</Filter>
    </ClInclude>
    <ClInclude Include="Fileable.h">
      <Filter>Файлы заголовков\Fileables</Filter>
    </ClInclude>
    <ClInclude Include="Object.h">
      <Filter>Файлы заголовков\Root</Filter>
    </ClInclude>
    <ClInclude Include="Abonent.h">
      <Filter>Файлы заголовков\CourseClasses</Filter>
    </ClInclude>
    <ClInclude Include="DailyReport.h">
      <Filter>Файлы заголовков\CourseClasses</Filter>
    </ClInclude>
    <ClInclude Include="Date1.h">
      <Filter>Файлы заголовков\CourseClasses</Filter>
    </ClInclude>
    <ClInclude Include="Date2.h">
      <Filter>Файлы заголовков\CourseClasses</Filter>
    </ClInclude>
    <ClInclude Include="Disk.h">
      <Filter>Файлы заголовков\CourseClasses</Filter>
    </ClInclude>
    <ClInclude Include="Nameable.h">
      <Filter>Файлы заголовков\CourseClasses</Filter>
    </ClInclude>
    <ClInclude Include="Operation.h">
      <Filter>Файлы заголовков\CourseClasses</Filter>
    </ClInclude>
    <ClInclude Include="Returnable.h">
      <Filter>Файлы заголовков\CourseClasses</Filter>
    </ClInclude>
    <ClInclude Include="Studio.h">
      <Filter>Файлы заголовков\CourseClasses</Filter>
    </ClInclude>
    <ClInclude Include="FVector.h">
      <Filter>Файлы заголовков\Lists</Filter>
    </ClInclude>
    <ClInclude Include="HashSet.h">
      <Filter>Файлы заголовков\Lists</Filter>
    </ClInclude>
    <ClInclude Include="FWString.h">
      <Filter>Файлы заголовков\Lists</Filter>
    </ClInclude>
    <ClInclude Include="Serializeable.h">
      <Filter>Файлы заголовков\CourseClasses</Filter>
    </ClInclude>
    <ClInclude Include="Exception.h">
      <Filter>Файлы заголовков\Root\Exceptions</Filter>
    </ClInclude>
    <ClInclude Include="DailyReportException.h">
      <Filter>Файлы заголовков\Root\Exceptions</Filter>
    </ClInclude>
    <ClInclude Include="SerializeExceptions.h">
      <Filter>Файлы заголовков\Root\Exceptions</Filter>
    </ClInclude>
    <ClInclude Include="MagicJSON\x64\include\JsonArray.h">
      <Filter>Файлы ресурсов\Libraries\MagicJSON_lib_headers</Filter>
    </ClInclude>
    <ClInclude Include="MagicJSON\x64\include\JsonExceptions.h">
      <Filter>Файлы ресурсов\Libraries\MagicJSON_lib_headers</Filter>
    </ClInclude>
    <ClInclude Include="MagicJSON\x64\include\JsonItem.h">
      <Filter>Файлы ресурсов\Libraries\MagicJSON_lib_headers</Filter>
    </ClInclude>
    <ClInclude Include="MagicJSON\x64\include\JsonObject.h">
      <Filter>Файлы ресурсов\Libraries\MagicJSON_lib_headers</Filter>
    </ClInclude>
    <ClInclude Include="MagicJSON\x64\include\JsonString.h">
      <Filter>Файлы ресурсов\Libraries\MagicJSON_lib_headers</Filter>
    </ClInclude>
    <ClInclude Include="MagicJSON\x64\include\JsonTokenizer.h">
      <Filter>Файлы ресурсов\Libraries\MagicJSON_lib_headers</Filter>
    </ClInclude>
    <ClInclude Include="MagicJSON\x64\include\MagicJSON.h">
      <Filter>Файлы ресурсов\Libraries\MagicJSON_lib_headers</Filter>
    </ClInclude>
    <ClInclude Include="PipesExceptions.h">
      <Filter>Файлы заголовков\Root\Exceptions</Filter>
    </ClInclude>
    <ClInclude Include="TurboPipes\x64\include\PipesExceptions.h">
      <Filter>Файлы ресурсов\Libraries\TurboPipes_lib_headers</Filter>
    </ClInclude>
    <ClInclude Include="TurboPipes\x64\include\Threadable.h">
      <Filter>Файлы ресурсов\Libraries\TurboPipes_lib_headers</Filter>
    </ClInclude>
    <ClInclude Include="TurboPipes\x64\include\TurboPipes.h">
      <Filter>Файлы ресурсов\Libraries\TurboPipes_lib_headers</Filter>
    </ClInclude>
    <ClInclude Include="TurboPipes\x64\include\Pipeable.h">
      <Filter>Файлы ресурсов\Libraries\TurboPipes_lib_headers</Filter>
    </ClInclude>
    <ClInclude Include="TurboPipes\x64\include\PipeableString.h">
      <Filter>Файлы ресурсов\Libraries\TurboPipes_lib_headers</Filter>
    </ClInclude>
    <ClInclude Include="TurboPipes\x64\include\PipeDispatcher.h">
      <Filter>Файлы ресурсов\Libraries\TurboPipes_lib_headers</Filter>
    </ClInclude>
    <ClInclude Include="TurboPipes\x64\include\PipeDispatcherString.h">
      <Filter>Файлы ресурсов\Libraries\TurboPipes_lib_headers</Filter>
    </ClInclude>
    <ClInclude Include="base_64.h">
      <Filter>Файлы ресурсов\base_64</Filter>
    </ClInclude>
    <ClInclude Include="NetworkMessagesHandler.h">
      <Filter>Файлы заголовков\Network</Filter>
    </ClInclude>
    <ClInclude Include="NetworkMessageKeys.h">
      <Filter>Файлы заголовков\Network</Filter>
    </ClInclude>
  </ItemGroup>
  <ItemGroup>
    <Library Include="MagicJSON\x64\MagicJSON.lib">
      <Filter>Файлы ресурсов</Filter>
    </Library>
    <Library Include="TurboPipes\x64\TurboPipes.lib">
      <Filter>Файлы ресурсов</Filter>
    </Library>
  </ItemGroup>
</Project>